
Microsoft Visual Studio Solution File, Format Version 12.00
# Visual Studio Express 2012 for Windows Desktop
Project("{FAE04EC0-301F-11D3-BF4B-00C04F79EFBC}") = "GangTools", "GangTools\GangTools.csproj", "{969B5E94-972A-4BE8-8BC3-B2DE7859FAE0}"
EndProject
Global
	GlobalSection(SolutionConfigurationPlatforms) = preSolution
		Debug|Any CPU = Debug|Any CPU
		Release|Any CPU = Release|Any CPU
	EndGlobalSection
	GlobalSection(ProjectConfigurationPlatforms) = postSolution
		{969B5E94-972A-4BE8-8BC3-B2DE7859FAE0}.Debug|Any CPU.ActiveCfg = Debug|Any CPU
		{969B5E94-972A-4BE8-8BC3-B2DE7859FAE0}.Debug|Any CPU.Build.0 = Debug|Any CPU
		{969B5E94-972A-4BE8-8BC3-B2DE7859FAE0}.Release|Any CPU.ActiveCfg = Release|Any CPU
		{969B5E94-972A-4BE8-8BC3-B2DE7859FAE0}.Release|Any CPU.Build.0 = Release|Any CPU
	EndGlobalSection
	GlobalSection(SolutionProperties) = preSolution
		HideSolutionNode = FALSE
	EndGlobalSection
EndGlobal
